
Microsoft Visual Studio Solution File, Format Version 12.00
# Visual Studio Version 16
VisualStudioVersion = 16.0.29230.47
MinimumVisualStudioVersion = 10.0.40219.1
Project("{2150E333-8FDC-42A3-9474-1A3956D46DE8}") = "build", "build", "{79D71264-186B-4F62-8930-35DD9ECCAF3B}"
	ProjectSection(SolutionItems) = preProject
		build.cmd = build.cmd
		build.fsx = build.fsx
		build.ps1 = build.ps1
		build.sh = build.sh
	EndProjectSection
EndProject
Project("{2150E333-8FDC-42A3-9474-1A3956D46DE8}") = "Phobos.Kafka", "Phobos.Kafka", "{D7C607F1-CD55-4A4F-9120-07FA41461AEA}"
EndProject
Project("{FAE04EC0-301F-11D3-BF4B-00C04F79EFBC}") = "Petabridge.Phobos.Kafka.Producer", "src\Phobos.Kafka\src\Petabridge.Phobos.Kafka.Producer\Petabridge.Phobos.Kafka.Producer.csproj", "{BAA41E65-9B5F-4EF5-9A45-F7ECC9596F1C}"
EndProject
Project("{FAE04EC0-301F-11D3-BF4B-00C04F79EFBC}") = "Petabridge.Phobos.Kafka.Consumer", "src\Phobos.Kafka\src\Petabridge.Phobos.Kafka.Consumer\Petabridge.Phobos.Kafka.Consumer.csproj", "{7838DC8C-E5C8-4DE1-A023-FC064E777C51}"
EndProject
Project("{FAE04EC0-301F-11D3-BF4B-00C04F79EFBC}") = "Petabridge.Tracing.Kafka", "src\Phobos.Kafka\src\Petabridge.Tracing.Kafka\Petabridge.Tracing.Kafka.csproj", "{52C1B7DD-2EB3-464D-81B6-99ABBC4F733E}"
EndProject
Global
	GlobalSection(SolutionConfigurationPlatforms) = preSolution
		Debug|Any CPU = Debug|Any CPU
		Release|Any CPU = Release|Any CPU
	EndGlobalSection
	GlobalSection(ProjectConfigurationPlatforms) = postSolution
		{BAA41E65-9B5F-4EF5-9A45-F7ECC9596F1C}.Debug|Any CPU.ActiveCfg = Debug|Any CPU
		{BAA41E65-9B5F-4EF5-9A45-F7ECC9596F1C}.Debug|Any CPU.Build.0 = Debug|Any CPU
		{BAA41E65-9B5F-4EF5-9A45-F7ECC9596F1C}.Release|Any CPU.ActiveCfg = Release|Any CPU
		{BAA41E65-9B5F-4EF5-9A45-F7ECC9596F1C}.Release|Any CPU.Build.0 = Release|Any CPU
		{7838DC8C-E5C8-4DE1-A023-FC064E777C51}.Debug|Any CPU.ActiveCfg = Debug|Any CPU
		{7838DC8C-E5C8-4DE1-A023-FC064E777C51}.Debug|Any CPU.Build.0 = Debug|Any CPU
		{7838DC8C-E5C8-4DE1-A023-FC064E777C51}.Release|Any CPU.ActiveCfg = Release|Any CPU
		{7838DC8C-E5C8-4DE1-A023-FC064E777C51}.Release|Any CPU.Build.0 = Release|Any CPU
		{52C1B7DD-2EB3-464D-81B6-99ABBC4F733E}.Debug|Any CPU.ActiveCfg = Debug|Any CPU
		{52C1B7DD-2EB3-464D-81B6-99ABBC4F733E}.Debug|Any CPU.Build.0 = Debug|Any CPU
		{52C1B7DD-2EB3-464D-81B6-99ABBC4F733E}.Release|Any CPU.ActiveCfg = Release|Any CPU
		{52C1B7DD-2EB3-464D-81B6-99ABBC4F733E}.Release|Any CPU.Build.0 = Release|Any CPU
	EndGlobalSection
	GlobalSection(SolutionProperties) = preSolution
		HideSolutionNode = FALSE
	EndGlobalSection
	GlobalSection(ExtensibilityGlobals) = postSolution
		SolutionGuid = {B99E6BB8-642A-4A68-86DF-69567CBA700A}
	EndGlobalSection
	GlobalSection(NestedProjects) = preSolution
		{BAA41E65-9B5F-4EF5-9A45-F7ECC9596F1C} = {D7C607F1-CD55-4A4F-9120-07FA41461AEA}
		{7838DC8C-E5C8-4DE1-A023-FC064E777C51} = {D7C607F1-CD55-4A4F-9120-07FA41461AEA}
		{52C1B7DD-2EB3-464D-81B6-99ABBC4F733E} = {D7C607F1-CD55-4A4F-9120-07FA41461AEA}
	EndGlobalSection
EndGlobal
